
Microsoft Visual Studio Solution File, Format Version 12.00
# Visual Studio 2013
VisualStudioVersion = 12.0.21005.1
MinimumVisualStudioVersion = 10.0.40219.1
Project("{FAE04EC0-301F-11D3-BF4B-00C04F79EFBC}") = "AutoBet", "AutoSubmit\AutoBet.csproj", "{26F277B1-CDCF-46E7-9253-4AFCBC30336B}"
EndProject
Project("{FAE04EC0-301F-11D3-BF4B-00C04F79EFBC}") = "ViewState", "ViewState\ViewState.csproj", "{01D62FBD-CED8-444F-B338-51D0B7B817DF}"
EndProject
Project("{FAE04EC0-301F-11D3-BF4B-00C04F79EFBC}") = "Model", "Model\Model.csproj", "{7CB6D847-4368-4F93-89AC-F477197E373E}"
EndProject
Project("{FAE04EC0-301F-11D3-BF4B-00C04F79EFBC}") = "BetAnalysis", "BetAnalysis\BetAnalysis.csproj", "{41833DC7-3C2A-45A0-8926-CD2143784478}"
EndProject
Project("{FAE04EC0-301F-11D3-BF4B-00C04F79EFBC}") = "fortest", "fortest\fortest.csproj", "{E262DE52-64B1-4E76-B93A-51D3E6AA874C}"
EndProject
Project("{FAE04EC0-301F-11D3-BF4B-00C04F79EFBC}") = "BetSetup", "BetSetup\BetSetup.csproj", "{5FF8AA3A-6F06-4449-B78C-00108D5A34C7}"
EndProject
Global
	GlobalSection(SolutionConfigurationPlatforms) = preSolution
		CD_ROM|Any CPU = CD_ROM|Any CPU
		Debug|Any CPU = Debug|Any CPU
		DVD-5|Any CPU = DVD-5|Any CPU
		Release|Any CPU = Release|Any CPU
		SingleImage|Any CPU = SingleImage|Any CPU
	EndGlobalSection
	GlobalSection(ProjectConfigurationPlatforms) = postSolution
		{26F277B1-CDCF-46E7-9253-4AFCBC30336B}.CD_ROM|Any CPU.ActiveCfg = Release|Any CPU
		{26F277B1-CDCF-46E7-9253-4AFCBC30336B}.CD_ROM|Any CPU.Build.0 = Release|Any CPU
		{26F277B1-CDCF-46E7-9253-4AFCBC30336B}.Debug|Any CPU.ActiveCfg = Debug|Any CPU
		{26F277B1-CDCF-46E7-9253-4AFCBC30336B}.Debug|Any CPU.Build.0 = Debug|Any CPU
		{26F277B1-CDCF-46E7-9253-4AFCBC30336B}.DVD-5|Any CPU.ActiveCfg = Debug|Any CPU
		{26F277B1-CDCF-46E7-9253-4AFCBC30336B}.DVD-5|Any CPU.Build.0 = Debug|Any CPU
		{26F277B1-CDCF-46E7-9253-4AFCBC30336B}.Release|Any CPU.ActiveCfg = Release|Any CPU
		{26F277B1-CDCF-46E7-9253-4AFCBC30336B}.Release|Any CPU.Build.0 = Release|Any CPU
		{26F277B1-CDCF-46E7-9253-4AFCBC30336B}.SingleImage|Any CPU.ActiveCfg = Release|Any CPU
		{26F277B1-CDCF-46E7-9253-4AFCBC30336B}.SingleImage|Any CPU.Build.0 = Release|Any CPU
		{01D62FBD-CED8-444F-B338-51D0B7B817DF}.CD_ROM|Any CPU.ActiveCfg = Release|Any CPU
		{01D62FBD-CED8-444F-B338-51D0B7B817DF}.CD_ROM|Any CPU.Build.0 = Release|Any CPU
		{01D62FBD-CED8-444F-B338-51D0B7B817DF}.Debug|Any CPU.ActiveCfg = Debug|Any CPU
		{01D62FBD-CED8-444F-B338-51D0B7B817DF}.Debug|Any CPU.Build.0 = Debug|Any CPU
		{01D62FBD-CED8-444F-B338-51D0B7B817DF}.DVD-5|Any CPU.ActiveCfg = Debug|Any CPU
		{01D62FBD-CED8-444F-B338-51D0B7B817DF}.DVD-5|Any CPU.Build.0 = Debug|Any CPU
		{01D62FBD-CED8-444F-B338-51D0B7B817DF}.Release|Any CPU.ActiveCfg = Release|Any CPU
		{01D62FBD-CED8-444F-B338-51D0B7B817DF}.Release|Any CPU.Build.0 = Release|Any CPU
		{01D62FBD-CED8-444F-B338-51D0B7B817DF}.SingleImage|Any CPU.ActiveCfg = Release|Any CPU
		{01D62FBD-CED8-444F-B338-51D0B7B817DF}.SingleImage|Any CPU.Build.0 = Release|Any CPU
		{7CB6D847-4368-4F93-89AC-F477197E373E}.CD_ROM|Any CPU.ActiveCfg = Release|Any CPU
		{7CB6D847-4368-4F93-89AC-F477197E373E}.CD_ROM|Any CPU.Build.0 = Release|Any CPU
		{7CB6D847-4368-4F93-89AC-F477197E373E}.Debug|Any CPU.ActiveCfg = Debug|Any CPU
		{7CB6D847-4368-4F93-89AC-F477197E373E}.Debug|Any CPU.Build.0 = Debug|Any CPU
		{7CB6D847-4368-4F93-89AC-F477197E373E}.DVD-5|Any CPU.ActiveCfg = Debug|Any CPU
		{7CB6D847-4368-4F93-89AC-F477197E373E}.DVD-5|Any CPU.Build.0 = Debug|Any CPU
		{7CB6D847-4368-4F93-89AC-F477197E373E}.Release|Any CPU.ActiveCfg = Release|Any CPU
		{7CB6D847-4368-4F93-89AC-F477197E373E}.Release|Any CPU.Build.0 = Release|Any CPU
		{7CB6D847-4368-4F93-89AC-F477197E373E}.SingleImage|Any CPU.ActiveCfg = Release|Any CPU
		{7CB6D847-4368-4F93-89AC-F477197E373E}.SingleImage|Any CPU.Build.0 = Release|Any CPU
		{41833DC7-3C2A-45A0-8926-CD2143784478}.CD_ROM|Any CPU.ActiveCfg = Release|Any CPU
		{41833DC7-3C2A-45A0-8926-CD2143784478}.CD_ROM|Any CPU.Build.0 = Release|Any CPU
		{41833DC7-3C2A-45A0-8926-CD2143784478}.Debug|Any CPU.ActiveCfg = Debug|Any CPU
		{41833DC7-3C2A-45A0-8926-CD2143784478}.Debug|Any CPU.Build.0 = Debug|Any CPU
		{41833DC7-3C2A-45A0-8926-CD2143784478}.DVD-5|Any CPU.ActiveCfg = Debug|Any CPU
		{41833DC7-3C2A-45A0-8926-CD2143784478}.DVD-5|Any CPU.Build.0 = Debug|Any CPU
		{41833DC7-3C2A-45A0-8926-CD2143784478}.Release|Any CPU.ActiveCfg = Release|Any CPU
		{41833DC7-3C2A-45A0-8926-CD2143784478}.Release|Any CPU.Build.0 = Release|Any CPU
		{41833DC7-3C2A-45A0-8926-CD2143784478}.SingleImage|Any CPU.ActiveCfg = Release|Any CPU
		{41833DC7-3C2A-45A0-8926-CD2143784478}.SingleImage|Any CPU.Build.0 = Release|Any CPU
		{E262DE52-64B1-4E76-B93A-51D3E6AA874C}.CD_ROM|Any CPU.ActiveCfg = Release|Any CPU
		{E262DE52-64B1-4E76-B93A-51D3E6AA874C}.CD_ROM|Any CPU.Build.0 = Release|Any CPU
		{E262DE52-64B1-4E76-B93A-51D3E6AA874C}.Debug|Any CPU.ActiveCfg = Debug|Any CPU
		{E262DE52-64B1-4E76-B93A-51D3E6AA874C}.Debug|Any CPU.Build.0 = Debug|Any CPU
		{E262DE52-64B1-4E76-B93A-51D3E6AA874C}.DVD-5|Any CPU.ActiveCfg = Debug|Any CPU
		{E262DE52-64B1-4E76-B93A-51D3E6AA874C}.DVD-5|Any CPU.Build.0 = Debug|Any CPU
		{E262DE52-64B1-4E76-B93A-51D3E6AA874C}.Release|Any CPU.ActiveCfg = Release|Any CPU
		{E262DE52-64B1-4E76-B93A-51D3E6AA874C}.Release|Any CPU.Build.0 = Release|Any CPU
		{E262DE52-64B1-4E76-B93A-51D3E6AA874C}.SingleImage|Any CPU.ActiveCfg = Release|Any CPU
		{E262DE52-64B1-4E76-B93A-51D3E6AA874C}.SingleImage|Any CPU.Build.0 = Release|Any CPU
		{5FF8AA3A-6F06-4449-B78C-00108D5A34C7}.CD_ROM|Any CPU.ActiveCfg = Release|Any CPU
		{5FF8AA3A-6F06-4449-B78C-00108D5A34C7}.CD_ROM|Any CPU.Build.0 = Release|Any CPU
		{5FF8AA3A-6F06-4449-B78C-00108D5A34C7}.Debug|Any CPU.ActiveCfg = Debug|Any CPU
		{5FF8AA3A-6F06-4449-B78C-00108D5A34C7}.Debug|Any CPU.Build.0 = Debug|Any CPU
		{5FF8AA3A-6F06-4449-B78C-00108D5A34C7}.DVD-5|Any CPU.ActiveCfg = Debug|Any CPU
		{5FF8AA3A-6F06-4449-B78C-00108D5A34C7}.DVD-5|Any CPU.Build.0 = Debug|Any CPU
		{5FF8AA3A-6F06-4449-B78C-00108D5A34C7}.Release|Any CPU.ActiveCfg = Release|Any CPU
		{5FF8AA3A-6F06-4449-B78C-00108D5A34C7}.Release|Any CPU.Build.0 = Release|Any CPU
		{5FF8AA3A-6F06-4449-B78C-00108D5A34C7}.SingleImage|Any CPU.ActiveCfg = Release|Any CPU
		{5FF8AA3A-6F06-4449-B78C-00108D5A34C7}.SingleImage|Any CPU.Build.0 = Release|Any CPU
	EndGlobalSection
	GlobalSection(SolutionProperties) = preSolution
		HideSolutionNode = FALSE
	EndGlobalSection
EndGlobal
